
Microsoft Visual Studio Solution File, Format Version 12.00
# Visual Studio Version 17
VisualStudioVersion = 17.0.31903.59
MinimumVisualStudioVersion = 10.0.40219.1
Project("{FAE04EC0-301F-11D3-BF4B-00C04F79EFBC}") = "PaintStore.Models", "PaintStore.Models\PaintStore.Models.csproj", "{9EFE7787-5EAD-4308-BC3D-8ADA4E5D6314}"
EndProject
Project("{FAE04EC0-301F-11D3-BF4B-00C04F79EFBC}") = "PaintStore.API", "PaintStore.API\PaintStore.API.csproj", "{D25C2037-1B57-4022-B890-36F69B82D253}"
EndProject
Global
	GlobalSection(SolutionConfigurationPlatforms) = preSolution
		Debug|Any CPU = Debug|Any CPU
		Debug|x64 = Debug|x64
		Debug|x86 = Debug|x86
		Release|Any CPU = Release|Any CPU
		Release|x64 = Release|x64
		Release|x86 = Release|x86
	EndGlobalSection
	GlobalSection(ProjectConfigurationPlatforms) = postSolution
		{9EFE7787-5EAD-4308-BC3D-8ADA4E5D6314}.Debug|Any CPU.ActiveCfg = Debug|Any CPU
		{9EFE7787-5EAD-4308-BC3D-8ADA4E5D6314}.Debug|Any CPU.Build.0 = Debug|Any CPU
		{9EFE7787-5EAD-4308-BC3D-8ADA4E5D6314}.Debug|x64.ActiveCfg = Debug|Any CPU
		{9EFE7787-5EAD-4308-BC3D-8ADA4E5D6314}.Debug|x64.Build.0 = Debug|Any CPU
		{9EFE7787-5EAD-4308-BC3D-8ADA4E5D6314}.Debug|x86.ActiveCfg = Debug|Any CPU
		{9EFE7787-5EAD-4308-BC3D-8ADA4E5D6314}.Debug|x86.Build.0 = Debug|Any CPU
		{9EFE7787-5EAD-4308-BC3D-8ADA4E5D6314}.Release|Any CPU.ActiveCfg = Release|Any CPU
		{9EFE7787-5EAD-4308-BC3D-8ADA4E5D6314}.Release|Any CPU.Build.0 = Release|Any CPU
		{9EFE7787-5EAD-4308-BC3D-8ADA4E5D6314}.Release|x64.ActiveCfg = Release|Any CPU
		{9EFE7787-5EAD-4308-BC3D-8ADA4E5D6314}.Release|x64.Build.0 = Release|Any CPU
		{9EFE7787-5EAD-4308-BC3D-8ADA4E5D6314}.Release|x86.ActiveCfg = Release|Any CPU
		{9EFE7787-5EAD-4308-BC3D-8ADA4E5D6314}.Release|x86.Build.0 = Release|Any CPU
		{D25C2037-1B57-4022-B890-36F69B82D253}.Debug|Any CPU.ActiveCfg = Debug|Any CPU
		{D25C2037-1B57-4022-B890-36F69B82D253}.Debug|Any CPU.Build.0 = Debug|Any CPU
		{D25C2037-1B57-4022-B890-36F69B82D253}.Debug|x64.ActiveCfg = Debug|Any CPU
		{D25C2037-1B57-4022-B890-36F69B82D253}.Debug|x64.Build.0 = Debug|Any CPU
		{D25C2037-1B57-4022-B890-36F69B82D253}.Debug|x86.ActiveCfg = Debug|Any CPU
		{D25C2037-1B57-4022-B890-36F69B82D253}.Debug|x86.Build.0 = Debug|Any CPU
		{D25C2037-1B57-4022-B890-36F69B82D253}.Release|Any CPU.ActiveCfg = Release|Any CPU
		{D25C2037-1B57-4022-B890-36F69B82D253}.Release|Any CPU.Build.0 = Release|Any CPU
		{D25C2037-1B57-4022-B890-36F69B82D253}.Release|x64.ActiveCfg = Release|Any CPU
		{D25C2037-1B57-4022-B890-36F69B82D253}.Release|x64.Build.0 = Release|Any CPU
		{D25C2037-1B57-4022-B890-36F69B82D253}.Release|x86.ActiveCfg = Release|Any CPU
		{D25C2037-1B57-4022-B890-36F69B82D253}.Release|x86.Build.0 = Release|Any CPU
	EndGlobalSection
	GlobalSection(SolutionProperties) = preSolution
		HideSolutionNode = FALSE
	EndGlobalSection
EndGlobal
